
Microsoft Visual Studio Solution File, Format Version 11.00
# Visual Studio 2010
Project("{8BC9CEB8-8B4A-11D0-8D11-00A0C91BC942}") = "Rob_arm_ik", "Rob_arm_ik\Rob_arm_ik.vcxproj", "{3A0EE63E-B4AD-458C-9CA3-DD18EE26DB44}"
EndProject
Global
	GlobalSection(SolutionConfigurationPlatforms) = preSolution
		Debug|Win32 = Debug|Win32
		Release|Win32 = Release|Win32
	EndGlobalSection
	GlobalSection(ProjectConfigurationPlatforms) = postSolution
		{3A0EE63E-B4AD-458C-9CA3-DD18EE26DB44}.Debug|Win32.ActiveCfg = Debug|Win32
		{3A0EE63E-B4AD-458C-9CA3-DD18EE26DB44}.Debug|Win32.Build.0 = Debug|Win32
		{3A0EE63E-B4AD-458C-9CA3-DD18EE26DB44}.Release|Win32.ActiveCfg = Release|Win32
		{3A0EE63E-B4AD-458C-9CA3-DD18EE26DB44}.Release|Win32.Build.0 = Release|Win32
	EndGlobalSection
	GlobalSection(SolutionProperties) = preSolution
		HideSolutionNode = FALSE
	EndGlobalSection
EndGlobal
